<?xml version="1.0" encoding="utf-8"?>
<Project ToolsVersion="4.0" xmlns="http://schemas.microsoft.com/developer/msbuild/2003">
  <ItemGroup>
    <Filter Include="Source Files">
      <UniqueIdentifier>{4FC737F1-C7A5-4376-A066-2A32D752A2FF}</UniqueIdentifier>
      <Extensions>cpp;c;cc;cxx;c++;cppm;ixx;def;odl;idl;hpj;bat;asm;asmx</Extensions>
    </Filter>
    <Filter Include="Configuration FIles">
      <UniqueIdentifier>{5c74613e-4228-4332-a3c8-fefd5d1d5920}</UniqueIdentifier>
    </Filter>
    <Filter Include="Source Files\Engine">
      <UniqueIdentifier>{9f0a85d8-92a3-4015-a6c9-dead9d519d84}</UniqueIdentifier>
    </Filter>
    <Filter Include="Source Files\Utils">
      <UniqueIdentifier>{d4fcce42-5e1c-45fe-9cd7-70667605680a}</UniqueIdentifier>
    </Filter>
    <Filter Include="Source Files\Game">
      <UniqueIdentifier>{eaf9226b-488a-4c6a-9d1a-2222fdb48e0d}</UniqueIdentifier>
    </Filter>
    <Filter Include="Source Files\Engine\Dialogue">
      <UniqueIdentifier>{daa022ca-9723-4661-910f-70743c0b28fe}</UniqueIdentifier>
    </Filter>
    <Filter Include="Source Files\Game\NPCs">
      <UniqueIdentifier>{8ae3e3b8-d859-48b5-93f5-6312e70bcd90}</UniqueIdentifier>
    </Filter>
    <Filter Include="Source Files\Engine\Combat">
      <UniqueIdentifier>{92befddc-29e6-42a9-b982-19027b17120f}</UniqueIdentifier>
    </Filter>
    <Filter Include="Source Files\Game\Enemies">
      <UniqueIdentifier>{c212443a-1728-4ea4-b0af-d6b5418c49dc}</UniqueIdentifier>
    </Filter>
    <Filter Include="Source Files\Engine\UI">
      <UniqueIdentifier>{183dbbee-d47a-488e-869a-733fc23a08b8}</UniqueIdentifier>
    </Filter>
    <Filter Include="Source Files\Game\Items">
      <UniqueIdentifier>{9d3ff855-9a63-4078-9d20-56fe4b43a48b}</UniqueIdentifier>
    </Filter>
  </ItemGroup>
  <ItemGroup>
    <None Include="vcpkg.json">
      <Filter>Configuration FIles</Filter>
    </None>
    <None Include="vcpkg-configuration.json">
      <Filter>Configuration FIles</Filter>
    </None>
    <None Include=".gitignore">
      <Filter>Configuration FIles</Filter>
    </None>
    <None Include="Assets\Maps\azotea.tmx">
      <Filter>Configuration FIles</Filter>
    </None>
  </ItemGroup>
  <ItemGroup>
    <ClCompile Include="src\Audio.cpp">
      <Filter>Source Files\Engine</Filter>
    </ClCompile>
    <ClCompile Include="src\Engine.cpp">
      <Filter>Source Files\Engine</Filter>
    </ClCompile>
    <ClCompile Include="src\Input.cpp">
      <Filter>Source Files\Engine</Filter>
    </ClCompile>
    <ClCompile Include="src\PlatformGame.cpp">
      <Filter>Source Files\Engine</Filter>
    </ClCompile>
    <ClCompile Include="src\Render.cpp">
      <Filter>Source Files\Engine</Filter>
    </ClCompile>
    <ClCompile Include="src\Textures.cpp">
      <Filter>Source Files\Engine</Filter>
    </ClCompile>
    <ClCompile Include="src\Window.cpp">
      <Filter>Source Files\Engine</Filter>
    </ClCompile>
    <ClCompile Include="src\Log.cpp">
      <Filter>Source Files\Utils</Filter>
    </ClCompile>
    <ClCompile Include="src\Vector2D.cpp">
      <Filter>Source Files\Utils</Filter>
    </ClCompile>
    <ClCompile Include="src\Scene.cpp">
      <Filter>Source Files\Game</Filter>
    </ClCompile>
    <ClCompile Include="src\Timer.cpp">
      <Filter>Source Files\Utils</Filter>
    </ClCompile>
    <ClCompile Include="src\PerfTimer.cpp">
      <Filter>Source Files\Utils</Filter>
    </ClCompile>
    <ClCompile Include="src\EntityManager.cpp">
      <Filter>Source Files\Engine</Filter>
    </ClCompile>
    <ClCompile Include="src\Player.cpp">
      <Filter>Source Files\Game</Filter>
    </ClCompile>
    <ClCompile Include="src\Map.cpp">
      <Filter>Source Files\Engine</Filter>
    </ClCompile>
    <ClCompile Include="src\Physics.cpp">
      <Filter>Source Files\Engine</Filter>
    </ClCompile>
    <ClCompile Include="src\Pathfinding.cpp">
      <Filter>Source Files\Engine</Filter>
    </ClCompile>
    <ClCompile Include="src\Animation.cpp">
      <Filter>Source Files\Engine</Filter>
    </ClCompile>
    <ClCompile Include="src\DialogueManager.cpp">
      <Filter>Source Files\Engine\Dialogue</Filter>
    </ClCompile>
    <ClCompile Include="src\BaseNPC.cpp">
      <Filter>Source Files\Game\NPCs</Filter>
    </ClCompile>
    <ClCompile Include="src\BaseEnemy.cpp">
      <Filter>Source Files\Game\Enemies</Filter>
    </ClCompile>
    <ClCompile Include="src\CombatManager.cpp">
      <Filter>Source Files\Engine\Combat</Filter>
    </ClCompile>
    <ClCompile Include="src\UIManager.cpp">
      <Filter>Source Files\Engine\UI</Filter>
    </ClCompile>
    <ClCompile Include="src\UIButton.cpp">
      <Filter>Source Files\Engine\UI</Filter>
    </ClCompile>
    <ClCompile Include="src\ItemManager.cpp">
      <Filter>Source Files\Game\Items</Filter>
    </ClCompile>
  </ItemGroup>
  <ItemGroup>
    <ClInclude Include="src\Audio.h">
      <Filter>Source Files\Engine</Filter>
    </ClInclude>
    <ClInclude Include="src\Engine.h">
      <Filter>Source Files\Engine</Filter>
    </ClInclude>
    <ClInclude Include="src\Input.h">
      <Filter>Source Files\Engine</Filter>
    </ClInclude>
    <ClInclude Include="src\Module.h">
      <Filter>Source Files\Engine</Filter>
    </ClInclude>
    <ClInclude Include="src\Render.h">
      <Filter>Source Files\Engine</Filter>
    </ClInclude>
    <ClInclude Include="src\Textures.h">
      <Filter>Source Files\Engine</Filter>
    </ClInclude>
    <ClInclude Include="src\Window.h">
      <Filter>Source Files\Engine</Filter>
    </ClInclude>
    <ClInclude Include="src\Log.h">
      <Filter>Source Files\Utils</Filter>
    </ClInclude>
    <ClInclude Include="src\Vector2D.h">
      <Filter>Source Files\Utils</Filter>
    </ClInclude>
    <ClInclude Include="src\Scene.h">
      <Filter>Source Files\Game</Filter>
    </ClInclude>
    <ClInclude Include="src\Timer.h">
      <Filter>Source Files\Utils</Filter>
    </ClInclude>
    <ClInclude Include="src\PerfTimer.h">
      <Filter>Source Files\Utils</Filter>
    </ClInclude>
    <ClInclude Include="src\Entity.h">
      <Filter>Source Files\Engine</Filter>
    </ClInclude>
    <ClInclude Include="src\EntityManager.h">
      <Filter>Source Files\Engine</Filter>
    </ClInclude>
    <ClInclude Include="src\Player.h">
      <Filter>Source Files\Game</Filter>
    </ClInclude>
    <ClInclude Include="src\Map.h">
      <Filter>Source Files\Engine</Filter>
    </ClInclude>
    <ClInclude Include="src\Physics.h">
      <Filter>Source Files\Engine</Filter>
    </ClInclude>
    <ClInclude Include="src\Pathfinding.h">
      <Filter>Source Files\Engine</Filter>
    </ClInclude>
    <ClInclude Include="src\Animation.h">
      <Filter>Source Files\Engine</Filter>
    </ClInclude>
    <ClInclude Include="src\DialogueManager.h">
      <Filter>Source Files\Engine\Dialogue</Filter>
    </ClInclude>
    <ClInclude Include="src\BaseNPC.h">
      <Filter>Source Files\Game\NPCs</Filter>
    </ClInclude>
    <ClInclude Include="src\BaseEnemy.h">
      <Filter>Source Files\Game\Enemies</Filter>
    </ClInclude>
    <ClInclude Include="src\CombatManager.h">
      <Filter>Source Files\Engine\Combat</Filter>
    </ClInclude>
    <ClInclude Include="src\UIManager.h">
      <Filter>Source Files\Engine\UI</Filter>
    </ClInclude>
    <ClInclude Include="src\UIElement.h">
      <Filter>Source Files\Engine\UI</Filter>
    </ClInclude>
    <ClInclude Include="src\UIButton.h">
      <Filter>Source Files\Engine\UI</Filter>
    </ClInclude>
    <ClInclude Include="src\ItemManager.h">
      <Filter>Source Files\Game\Items</Filter>
    </ClInclude>
  </ItemGroup>
  <ItemGroup>
    <Xml Include="config.xml">
      <Filter>Configuration FIles</Filter>
    </Xml>
    <Xml Include="src\Dialogs.xml">
      <Filter>Source Files\Engine\Dialogue</Filter>
    </Xml>
    <Xml Include="src\CombatData.xml">
      <Filter>Source Files\Engine\Combat</Filter>
    </Xml>
  </ItemGroup>
</Project>